
Microsoft Visual Studio Solution File, Format Version 12.00
# Visual Studio Version 17
VisualStudioVersion = 17.2.32519.379
MinimumVisualStudioVersion = 10.0.40219.1
Project("{FAE04EC0-301F-11D3-BF4B-00C04F79EFBC}") = "WebApp", "WebApp.csproj", "{9119B6DF-7C33-4024-AA2E-7D70518ED196}"
EndProject
Global
	GlobalSection(SolutionConfigurationPlatforms) = preSolution
		Debug|Any CPU = Debug|Any CPU
		Release|Any CPU = Release|Any CPU
	EndGlobalSection
	GlobalSection(ProjectConfigurationPlatforms) = postSolution
		{9119B6DF-7C33-4024-AA2E-7D70518ED196}.Debug|Any CPU.ActiveCfg = Debug|Any CPU
		{9119B6DF-7C33-4024-AA2E-7D70518ED196}.Debug|Any CPU.Build.0 = Debug|Any CPU
		{9119B6DF-7C33-4024-AA2E-7D70518ED196}.Release|Any CPU.ActiveCfg = Release|Any CPU
		{9119B6DF-7C33-4024-AA2E-7D70518ED196}.Release|Any CPU.Build.0 = Release|Any CPU
	EndGlobalSection
	GlobalSection(SolutionProperties) = preSolution
		HideSolutionNode = FALSE
	EndGlobalSection
	GlobalSection(ExtensibilityGlobals) = postSolution
		SolutionGuid = {DC512447-EA0F-4A06-9FC5-C7971FE1308F}
	EndGlobalSection
EndGlobal
